# THIS IS AN AUTOGENERATED FILE. DO NOT EDIT THIS FILE DIRECTLY.
# yarn lockfile v1


codemirror@^5.49.2:
  version "5.49.2"
  resolved "https://registry.yarnpkg.com/codemirror/-/codemirror-5.49.2.tgz#c84fdaf11b19803f828b0c67060c7bc6d154ccad"
  integrity sha512-dwJ2HRPHm8w51WB5YTF9J7m6Z5dtkqbU9ntMZ1dqXyFB9IpjoUFDj80ahRVEoVanfIp6pfASJbOlbWdEf8FOzQ==

xterm@^4.1.0:
  version "4.1.0"
  resolved "https://registry.yarnpkg.com/xterm/-/xterm-4.1.0.tgz#f6b6e127d1a1e31cef709b45fca845bf818602ce"
  integrity sha512-RolKCONgwaEqt7FBMUeoxn4W/2JoopNi3nxfZDmQ6xwelCNCAAYNw4W97QenXefQyvholn5xMAsS0nnIwjwhHw==
